// !$*UTF8*$!
{
	archiveVersion = 1;
	classes = {
	};
	objectVersion = 51;
	objects = {

/* Begin PBXBuildFile section */
		3A3F7B732B5C41CCB28AAC7F /* Pods_Breakpoint.framework in Frameworks */ = {isa = PBXBuildFile; fileRef = 53989CF826AF8ECF81732D1C /* Pods_Breakpoint.framework */; };
		B5692C2C2680ED690067446D /* AuthVC.swift in Sources */ = {isa = PBXBuildFile; fileRef = B5692C2B2680ED690067446D /* AuthVC.swift */; };
		B5692C2F2680EDBE0067446D /* LoginVC.swift in Sources */ = {isa = PBXBuildFile; fileRef = B5692C2E2680EDBE0067446D /* LoginVC.swift */; };
		B5692C322680EE1D0067446D /* InsertTextField.swift in Sources */ = {isa = PBXBuildFile; fileRef = B5692C312680EE1D0067446D /* InsertTextField.swift */; };
		B573A7F126B99A5E0049FCB4 /* ShadowView.swift in Sources */ = {isa = PBXBuildFile; fileRef = B573A7F026B99A5E0049FCB4 /* ShadowView.swift */; };
		B596C5F8267F23EA003EDFBC /* AppDelegate.swift in Sources */ = {isa = PBXBuildFile; fileRef = B596C5F7267F23EA003EDFBC /* AppDelegate.swift */; };
		B596C5FA267F23EA003EDFBC /* SceneDelegate.swift in Sources */ = {isa = PBXBuildFile; fileRef = B596C5F9267F23EA003EDFBC /* SceneDelegate.swift */; };
		B596C5FF267F23EA003EDFBC /* Main.storyboard in Resources */ = {isa = PBXBuildFile; fileRef = B596C5FD267F23EA003EDFBC /* Main.storyboard */; };
		B596C601267F23F5003EDFBC /* Assets.xcassets in Resources */ = {isa = PBXBuildFile; fileRef = B596C600267F23F5003EDFBC /* Assets.xcassets */; };
		B596C604267F23F5003EDFBC /* LaunchScreen.storyboard in Resources */ = {isa = PBXBuildFile; fileRef = B596C602267F23F5003EDFBC /* LaunchScreen.storyboard */; };
		B596C60E267F2500003EDFBC /* FirstVC.swift in Sources */ = {isa = PBXBuildFile; fileRef = B596C60D267F2500003EDFBC /* FirstVC.swift */; };
		B596C611267F2510003EDFBC /* SecondVC.swift in Sources */ = {isa = PBXBuildFile; fileRef = B596C610267F2510003EDFBC /* SecondVC.swift */; };
		B596C61A267F27A7003EDFBC /* GoogleService-Info.plist in Resources */ = {isa = PBXBuildFile; fileRef = B596C619267F27A7003EDFBC /* GoogleService-Info.plist */; };
		B596C62E267F9AFF003EDFBC /* DataService.swift in Sources */ = {isa = PBXBuildFile; fileRef = B596C62D267F9AFF003EDFBC /* DataService.swift */; };
/* End PBXBuildFile section */

/* Begin PBXFileReference section */
		33E19AD2B8F3A1610B8CA474 /* Pods-Breakpoint.release.xcconfig */ = {isa = PBXFileReference; includeInIndex = 1; lastKnownFileType = text.xcconfig; name = "Pods-Breakpoint.release.xcconfig"; path = "Target Support Files/Pods-Breakpoint/Pods-Breakpoint.release.xcconfig"; sourceTree = "<group>"; };
		53989CF826AF8ECF81732D1C /* Pods_Breakpoint.framework */ = {isa = PBXFileReference; explicitFileType = wrapper.framework; includeInIndex = 0; path = Pods_Breakpoint.framework; sourceTree = BUILT_PRODUCTS_DIR; };
		674B080FCEE5481E247D629D /* Pods-Breakpoint.debug.xcconfig */ = {isa = PBXFileReference; includeInIndex = 1; lastKnownFileType = text.xcconfig; name = "Pods-Breakpoint.debug.xcconfig"; path = "Target Support Files/Pods-Breakpoint/Pods-Breakpoint.debug.xcconfig"; sourceTree = "<group>"; };
		B5692C2B2680ED690067446D /* AuthVC.swift */ = {isa = PBXFileReference; lastKnownFileType = sourcecode.swift; path = AuthVC.swift; sourceTree = "<group>"; };
		B5692C2E2680EDBE0067446D /* LoginVC.swift */ = {isa = PBXFileReference; lastKnownFileType = sourcecode.swift; path = LoginVC.swift; sourceTree = "<group>"; };
		B5692C312680EE1D0067446D /* InsertTextField.swift */ = {isa = PBXFileReference; lastKnownFileType = sourcecode.swift; path = InsertTextField.swift; sourceTree = "<group>"; };
		B573A7F026B99A5E0049FCB4 /* ShadowView.swift */ = {isa = PBXFileReference; lastKnownFileType = sourcecode.swift; path = ShadowView.swift; sourceTree = "<group>"; };
		B596C5F4267F23EA003EDFBC /* Breakpoint.app */ = {isa = PBXFileReference; explicitFileType = wrapper.application; includeInIndex = 0; path = Breakpoint.app; sourceTree = BUILT_PRODUCTS_DIR; };
		B596C5F7267F23EA003EDFBC /* AppDelegate.swift */ = {isa = PBXFileReference; lastKnownFileType = sourcecode.swift; path = AppDelegate.swift; sourceTree = "<group>"; };
		B596C5F9267F23EA003EDFBC /* SceneDelegate.swift */ = {isa = PBXFileReference; lastKnownFileType = sourcecode.swift; path = SceneDelegate.swift; sourceTree = "<group>"; };
		B596C5FE267F23EA003EDFBC /* Base */ = {isa = PBXFileReference; lastKnownFileType = file.storyboard; name = Base; path = Base.lproj/Main.storyboard; sourceTree = "<group>"; };
		B596C600267F23F5003EDFBC /* Assets.xcassets */ = {isa = PBXFileReference; lastKnownFileType = folder.assetcatalog; path = Assets.xcassets; sourceTree = "<group>"; };
		B596C603267F23F5003EDFBC /* Base */ = {isa = PBXFileReference; lastKnownFileType = file.storyboard; name = Base; path = Base.lproj/LaunchScreen.storyboard; sourceTree = "<group>"; };
		B596C605267F23F5003EDFBC /* Info.plist */ = {isa = PBXFileReference; lastKnownFileType = text.plist.xml; path = Info.plist; sourceTree = "<group>"; };
		B596C60D267F2500003EDFBC /* FirstVC.swift */ = {isa = PBXFileReference; lastKnownFileType = sourcecode.swift; path = FirstVC.swift; sourceTree = "<group>"; };
		B596C610267F2510003EDFBC /* SecondVC.swift */ = {isa = PBXFileReference; lastKnownFileType = sourcecode.swift; path = SecondVC.swift; sourceTree = "<group>"; };
		B596C619267F27A7003EDFBC /* GoogleService-Info.plist */ = {isa = PBXFileReference; fileEncoding = 4; lastKnownFileType = text.plist.xml; path = "GoogleService-Info.plist"; sourceTree = "<group>"; };
		B596C62D267F9AFF003EDFBC /* DataService.swift */ = {isa = PBXFileReference; lastKnownFileType = sourcecode.swift; path = DataService.swift; sourceTree = "<group>"; };
/* End PBXFileReference section */

/* Begin PBXFrameworksBuildPhase section */
		B596C5F1267F23E9003EDFBC /* Frameworks */ = {
			isa = PBXFrameworksBuildPhase;
			buildActionMask = 2147483647;
			files = (
				3A3F7B732B5C41CCB28AAC7F /* Pods_Breakpoint.framework in Frameworks */,
			);
			runOnlyForDeploymentPostprocessing = 0;
		};
/* End PBXFrameworksBuildPhase section */

/* Begin PBXGroup section */
		0C22F30F261CC494CB92D854 /* Frameworks */ = {
			isa = PBXGroup;
			children = (
				53989CF826AF8ECF81732D1C /* Pods_Breakpoint.framework */,
			);
			name = Frameworks;
			sourceTree = "<group>";
		};
		B596C5EB267F23E9003EDFBC = {
			isa = PBXGroup;
			children = (
				B596C5F6267F23EA003EDFBC /* Breakpoint */,
				B596C5F5267F23EA003EDFBC /* Products */,
				DC4CA0D76D9CB519065BE2AD /* Pods */,
				0C22F30F261CC494CB92D854 /* Frameworks */,
			);
			sourceTree = "<group>";
		};
		B596C5F5267F23EA003EDFBC /* Products */ = {
			isa = PBXGroup;
			children = (
				B596C5F4267F23EA003EDFBC /* Breakpoint.app */,
			);
			name = Products;
			sourceTree = "<group>";
		};
		B596C5F6267F23EA003EDFBC /* Breakpoint */ = {
			isa = PBXGroup;
			children = (
				B596C618267F2602003EDFBC /* Services */,
				B596C616267F256C003EDFBC /* Extensions */,
				B596C615267F2556003EDFBC /* Model */,
				B596C614267F2552003EDFBC /* View */,
				B596C613267F253A003EDFBC /* Controller */,
				B596C5F7267F23EA003EDFBC /* AppDelegate.swift */,
				B596C5F9267F23EA003EDFBC /* SceneDelegate.swift */,
				B596C5FD267F23EA003EDFBC /* Main.storyboard */,
				B596C619267F27A7003EDFBC /* GoogleService-Info.plist */,
				B596C600267F23F5003EDFBC /* Assets.xcassets */,
				B596C602267F23F5003EDFBC /* LaunchScreen.storyboard */,
				B596C605267F23F5003EDFBC /* Info.plist */,
			);
			path = Breakpoint;
			sourceTree = "<group>";
		};
		B596C613267F253A003EDFBC /* Controller */ = {
			isa = PBXGroup;
			children = (
				B596C60D267F2500003EDFBC /* FirstVC.swift */,
				B596C610267F2510003EDFBC /* SecondVC.swift */,
				B5692C2B2680ED690067446D /* AuthVC.swift */,
				B5692C2E2680EDBE0067446D /* LoginVC.swift */,
			);
			path = Controller;
			sourceTree = "<group>";
		};
		B596C614267F2552003EDFBC /* View */ = {
			isa = PBXGroup;
			children = (
				B5692C312680EE1D0067446D /* InsertTextField.swift */,
				B573A7F026B99A5E0049FCB4 /* ShadowView.swift */,
			);
			path = View;
			sourceTree = "<group>";
		};
		B596C615267F2556003EDFBC /* Model */ = {
			isa = PBXGroup;
			children = (
			);
			path = Model;
			sourceTree = "<group>";
		};
		B596C616267F256C003EDFBC /* Extensions */ = {
			isa = PBXGroup;
			children = (
			);
			path = Extensions;
			sourceTree = "<group>";
		};
		B596C618267F2602003EDFBC /* Services */ = {
			isa = PBXGroup;
			children = (
				B596C62D267F9AFF003EDFBC /* DataService.swift */,
			);
			path = Services;
			sourceTree = "<group>";
		};
		DC4CA0D76D9CB519065BE2AD /* Pods */ = {
			isa = PBXGroup;
			children = (
				674B080FCEE5481E247D629D /* Pods-Breakpoint.debug.xcconfig */,
				33E19AD2B8F3A1610B8CA474 /* Pods-Breakpoint.release.xcconfig */,
			);
			path = Pods;
			sourceTree = "<group>";
		};
/* End PBXGroup section */

/* Begin PBXNativeTarget section */
		B596C5F3267F23E9003EDFBC /* Breakpoint */ = {
			isa = PBXNativeTarget;
			buildConfigurationList = B596C608267F23F5003EDFBC /* Build configuration list for PBXNativeTarget "Breakpoint" */;
			buildPhases = (
				2C125332E54FD53183BFDD7C /* [CP] Check Pods Manifest.lock */,
				B596C5F0267F23E9003EDFBC /* Sources */,
				B596C5F1267F23E9003EDFBC /* Frameworks */,
				B596C5F2267F23E9003EDFBC /* Resources */,
				D1DC741D956FE8C5D7A86514 /* [CP] Embed Pods Frameworks */,
			);
			buildRules = (
			);
			dependencies = (
			);
			name = Breakpoint;
			productName = Breakpoint;
			productReference = B596C5F4267F23EA003EDFBC /* Breakpoint.app */;
			productType = "com.apple.product-type.application";
		};
/* End PBXNativeTarget section */

/* Begin PBXProject section */
		B596C5EC267F23E9003EDFBC /* Project object */ = {
			isa = PBXProject;
			attributes = {
				LastSwiftUpdateCheck = 1240;
				LastUpgradeCheck = 1240;
				TargetAttributes = {
					B596C5F3267F23E9003EDFBC = {
						CreatedOnToolsVersion = 12.4;
					};
				};
			};
			buildConfigurationList = B596C5EF267F23E9003EDFBC /* Build configuration list for PBXProject "Breakpoint" */;
			compatibilityVersion = "Xcode 9.3";
			developmentRegion = en;
			hasScannedForEncodings = 0;
			knownRegions = (
				en,
				Base,
			);
			mainGroup = B596C5EB267F23E9003EDFBC;
			productRefGroup = B596C5F5267F23EA003EDFBC /* Products */;
			projectDirPath = "";
			projectRoot = "";
			targets = (
				B596C5F3267F23E9003EDFBC /* Breakpoint */,
			);
		};
/* End PBXProject section */

/* Begin PBXResourcesBuildPhase section */
		B596C5F2267F23E9003EDFBC /* Resources */ = {
			isa = PBXResourcesBuildPhase;
			buildActionMask = 2147483647;
			files = (
				B596C604267F23F5003EDFBC /* LaunchScreen.storyboard in Resources */,
				B596C61A267F27A7003EDFBC /* GoogleService-Info.plist in Resources */,
				B596C601267F23F5003EDFBC /* Assets.xcassets in Resources */,
				B596C5FF267F23EA003EDFBC /* Main.storyboard in Resources */,
			);
			runOnlyForDeploymentPostprocessing = 0;
		};
/* End PBXResourcesBuildPhase section */

/* Begin PBXShellScriptBuildPhase section */
		2C125332E54FD53183BFDD7C /* [CP] Check Pods Manifest.lock */ = {
			isa = PBXShellScriptBuildPhase;
			buildActionMask = 2147483647;
			files = (
			);
			inputFileListPaths = (
			);
			inputPaths = (
				"${PODS_PODFILE_DIR_PATH}/Podfile.lock",
				"${PODS_ROOT}/Manifest.lock",
			);
			name = "[CP] Check Pods Manifest.lock";
			outputFileListPaths = (
			);
			outputPaths = (
				"$(DERIVED_FILE_DIR)/Pods-Breakpoint-checkManifestLockResult.txt",
			);
			runOnlyForDeploymentPostprocessing = 0;
			shellPath = /bin/sh;
			shellScript = "diff \"${PODS_PODFILE_DIR_PATH}/Podfile.lock\" \"${PODS_ROOT}/Manifest.lock\" > /dev/null\nif [ $? != 0 ] ; then\n    # print error to STDERR\n    echo \"error: The sandbox is not in sync with the Podfile.lock. Run 'pod install' or update your CocoaPods installation.\" >&2\n    exit 1\nfi\n# This output is used by Xcode 'outputs' to avoid re-running this script phase.\necho \"SUCCESS\" > \"${SCRIPT_OUTPUT_FILE_0}\"\n";
			showEnvVarsInLog = 0;
		};
		D1DC741D956FE8C5D7A86514 /* [CP] Embed Pods Frameworks */ = {
			isa = PBXShellScriptBuildPhase;
			buildActionMask = 2147483647;
			files = (
			);
			inputFileListPaths = (
				"${PODS_ROOT}/Target Support Files/Pods-Breakpoint/Pods-Breakpoint-frameworks-${CONFIGURATION}-input-files.xcfilelist",
			);
			name = "[CP] Embed Pods Frameworks";
			outputFileListPaths = (
				"${PODS_ROOT}/Target Support Files/Pods-Breakpoint/Pods-Breakpoint-frameworks-${CONFIGURATION}-output-files.xcfilelist",
			);
			runOnlyForDeploymentPostprocessing = 0;
			shellPath = /bin/sh;
			shellScript = "\"${PODS_ROOT}/Target Support Files/Pods-Breakpoint/Pods-Breakpoint-frameworks.sh\"\n";
			showEnvVarsInLog = 0;
		};
/* End PBXShellScriptBuildPhase section */

/* Begin PBXSourcesBuildPhase section */
		B596C5F0267F23E9003EDFBC /* Sources */ = {
			isa = PBXSourcesBuildPhase;
			buildActionMask = 2147483647;
			files = (
				B573A7F126B99A5E0049FCB4 /* ShadowView.swift in Sources */,
				B5692C2C2680ED690067446D /* AuthVC.swift in Sources */,
				B596C5F8267F23EA003EDFBC /* AppDelegate.swift in Sources */,
				B5692C2F2680EDBE0067446D /* LoginVC.swift in Sources */,
				B596C60E267F2500003EDFBC /* FirstVC.swift in Sources */,
				B596C611267F2510003EDFBC /* SecondVC.swift in Sources */,
				B596C5FA267F23EA003EDFBC /* SceneDelegate.swift in Sources */,
				B5692C322680EE1D0067446D /* InsertTextField.swift in Sources */,
				B596C62E267F9AFF003EDFBC /* DataService.swift in Sources */,
			);
			runOnlyForDeploymentPostprocessing = 0;
		};
/* End PBXSourcesBuildPhase section */

/* Begin PBXVariantGroup section */
		B596C5FD267F23EA003EDFBC /* Main.storyboard */ = {
			isa = PBXVariantGroup;
			children = (
				B596C5FE267F23EA003EDFBC /* Base */,
			);
			name = Main.storyboard;
			sourceTree = "<group>";
		};
		B596C602267F23F5003EDFBC /* LaunchScreen.storyboard */ = {
			isa = PBXVariantGroup;
			children = (
				B596C603267F23F5003EDFBC /* Base */,
			);
			name = LaunchScreen.storyboard;
			sourceTree = "<group>";
		};
/* End PBXVariantGroup section */

/* Begin XCBuildConfiguration section */
		B596C606267F23F5003EDFBC /* Debug */ = {
			isa = XCBuildConfiguration;
			buildSettings = {
				ALWAYS_SEARCH_USER_PATHS = NO;
				CLANG_ANALYZER_NONNULL = YES;
				CLANG_ANALYZER_NUMBER_OBJECT_CONVERSION = YES_AGGRESSIVE;
				CLANG_CXX_LANGUAGE_STANDARD = "gnu++14";
				CLANG_CXX_LIBRARY = "libc++";
				CLANG_ENABLE_MODULES = YES;
				CLANG_ENABLE_OBJC_ARC = YES;
				CLANG_ENABLE_OBJC_WEAK = YES;
				CLANG_WARN_BLOCK_CAPTURE_AUTORELEASING = YES;
				CLANG_WARN_BOOL_CONVERSION = YES;
				CLANG_WARN_COMMA = YES;
				CLANG_WARN_CONSTANT_CONVERSION = YES;
				CLANG_WARN_DEPRECATED_OBJC_IMPLEMENTATIONS = YES;
				CLANG_WARN_DIRECT_OBJC_ISA_USAGE = YES_ERROR;
				CLANG_WARN_DOCUMENTATION_COMMENTS = YES;
				CLANG_WARN_EMPTY_BODY = YES;
				CLANG_WARN_ENUM_CONVERSION = YES;
				CLANG_WARN_INFINITE_RECURSION = YES;
				CLANG_WARN_INT_CONVERSION = YES;
				CLANG_WARN_NON_LITERAL_NULL_CONVERSION = YES;
				CLANG_WARN_OBJC_IMPLICIT_RETAIN_SELF = YES;
				CLANG_WARN_OBJC_LITERAL_CONVERSION = YES;
				CLANG_WARN_OBJC_ROOT_CLASS = YES_ERROR;
				CLANG_WARN_QUOTED_INCLUDE_IN_FRAMEWORK_HEADER = YES;
				CLANG_WARN_RANGE_LOOP_ANALYSIS = YES;
				CLANG_WARN_STRICT_PROTOTYPES = YES;
				CLANG_WARN_SUSPICIOUS_MOVE = YES;
				CLANG_WARN_UNGUARDED_AVAILABILITY = YES_AGGRESSIVE;
				CLANG_WARN_UNREACHABLE_CODE = YES;
				CLANG_WARN__DUPLICATE_METHOD_MATCH = YES;
				COPY_PHASE_STRIP = NO;
				DEBUG_INFORMATION_FORMAT = dwarf;
				ENABLE_STRICT_OBJC_MSGSEND = YES;
				ENABLE_TESTABILITY = YES;
				GCC_C_LANGUAGE_STANDARD = gnu11;
				GCC_DYNAMIC_NO_PIC = NO;
				GCC_NO_COMMON_BLOCKS = YES;
				GCC_OPTIMIZATION_LEVEL = 0;
				GCC_PREPROCESSOR_DEFINITIONS = (
					"DEBUG=1",
					"$(inherited)",
				);
				GCC_WARN_64_TO_32_BIT_CONVERSION = YES;
				GCC_WARN_ABOUT_RETURN_TYPE = YES_ERROR;
				GCC_WARN_UNDECLARED_SELECTOR = YES;
				GCC_WARN_UNINITIALIZED_AUTOS = YES_AGGRESSIVE;
				GCC_WARN_UNUSED_FUNCTION = YES;
				GCC_WARN_UNUSED_VARIABLE = YES;
				IPHONEOS_DEPLOYMENT_TARGET = 14.4;
				MTL_ENABLE_DEBUG_INFO = INCLUDE_SOURCE;
				MTL_FAST_MATH = YES;
				ONLY_ACTIVE_ARCH = YES;
				SDKROOT = iphoneos;
				SWIFT_ACTIVE_COMPILATION_CONDITIONS = DEBUG;
				SWIFT_OPTIMIZATION_LEVEL = "-Onone";
			};
			name = Debug;
		};
		B596C607267F23F5003EDFBC /* Release */ = {
			isa = XCBuildConfiguration;
			buildSettings = {
				ALWAYS_SEARCH_USER_PATHS = NO;
				CLANG_ANALYZER_NONNULL = YES;
				CLANG_ANALYZER_NUMBER_OBJECT_CONVERSION = YES_AGGRESSIVE;
				CLANG_CXX_LANGUAGE_STANDARD = "gnu++14";
				CLANG_CXX_LIBRARY = "libc++";
				CLANG_ENABLE_MODULES = YES;
				CLANG_ENABLE_OBJC_ARC = YES;
				CLANG_ENABLE_OBJC_WEAK = YES;
				CLANG_WARN_BLOCK_CAPTURE_AUTORELEASING = YES;
				CLANG_WARN_BOOL_CONVERSION = YES;
				CLANG_WARN_COMMA = YES;
				CLANG_WARN_CONSTANT_CONVERSION = YES;
				CLANG_WARN_DEPRECATED_OBJC_IMPLEMENTATIONS = YES;
				CLANG_WARN_DIRECT_OBJC_ISA_USAGE = YES_ERROR;
				CLANG_WARN_DOCUMENTATION_COMMENTS = YES;
				CLANG_WARN_EMPTY_BODY = YES;
				CLANG_WARN_ENUM_CONVERSION = YES;
				CLANG_WARN_INFINITE_RECURSION = YES;
				CLANG_WARN_INT_CONVERSION = YES;
				CLANG_WARN_NON_LITERAL_NULL_CONVERSION = YES;
				CLANG_WARN_OBJC_IMPLICIT_RETAIN_SELF = YES;
				CLANG_WARN_OBJC_LITERAL_CONVERSION = YES;
				CLANG_WARN_OBJC_ROOT_CLASS = YES_ERROR;
				CLANG_WARN_QUOTED_INCLUDE_IN_FRAMEWORK_HEADER = YES;
				CLANG_WARN_RANGE_LOOP_ANALYSIS = YES;
				CLANG_WARN_STRICT_PROTOTYPES = YES;
				CLANG_WARN_SUSPICIOUS_MOVE = YES;
				CLANG_WARN_UNGUARDED_AVAILABILITY = YES_AGGRESSIVE;
				CLANG_WARN_UNREACHABLE_CODE = YES;
				CLANG_WARN__DUPLICATE_METHOD_MATCH = YES;
				COPY_PHASE_STRIP = NO;
				DEBUG_INFORMATION_FORMAT = "dwarf-with-dsym";
				ENABLE_NS_ASSERTIONS = NO;
				ENABLE_STRICT_OBJC_MSGSEND = YES;
				GCC_C_LANGUAGE_STANDARD = gnu11;
				GCC_NO_COMMON_BLOCKS = YES;
				GCC_WARN_64_TO_32_BIT_CONVERSION = YES;
				GCC_WARN_ABOUT_RETURN_TYPE = YES_ERROR;
				GCC_WARN_UNDECLARED_SELECTOR = YES;
				GCC_WARN_UNINITIALIZED_AUTOS = YES_AGGRESSIVE;
				GCC_WARN_UNUSED_FUNCTION = YES;
				GCC_WARN_UNUSED_VARIABLE = YES;
				IPHONEOS_DEPLOYMENT_TARGET = 14.4;
				MTL_ENABLE_DEBUG_INFO = NO;
				MTL_FAST_MATH = YES;
				SDKROOT = iphoneos;
				SWIFT_COMPILATION_MODE = wholemodule;
				SWIFT_OPTIMIZATION_LEVEL = "-O";
				VALIDATE_PRODUCT = YES;
			};
			name = Release;
		};
		B596C609267F23F5003EDFBC /* Debug */ = {
			isa = XCBuildConfiguration;
			baseConfigurationReference = 674B080FCEE5481E247D629D /* Pods-Breakpoint.debug.xcconfig */;
			buildSettings = {
				ASSETCATALOG_COMPILER_APPICON_NAME = AppIcon;
				ASSETCATALOG_COMPILER_GLOBAL_ACCENT_COLOR_NAME = AccentColor;
				CODE_SIGN_STYLE = Automatic;
				DEVELOPMENT_TEAM = 84W8QG5399;
				INFOPLIST_FILE = Breakpoint/Info.plist;
				LD_RUNPATH_SEARCH_PATHS = (
					"$(inherited)",
					"@executable_path/Frameworks",
				);
				PRODUCT_BUNDLE_IDENTIFIER = com.createsapp.Breakpoint;
				PRODUCT_NAME = "$(TARGET_NAME)";
				SWIFT_VERSION = 5.0;
				TARGETED_DEVICE_FAMILY = 1;
			};
			name = Debug;
		};
		B596C60A267F23F5003EDFBC /* Release */ = {
			isa = XCBuildConfiguration;
			baseConfigurationReference = 33E19AD2B8F3A1610B8CA474 /* Pods-Breakpoint.release.xcconfig */;
			buildSettings = {
				ASSETCATALOG_COMPILER_APPICON_NAME = AppIcon;
				ASSETCATALOG_COMPILER_GLOBAL_ACCENT_COLOR_NAME = AccentColor;
				CODE_SIGN_STYLE = Automatic;
				DEVELOPMENT_TEAM = 84W8QG5399;
				INFOPLIST_FILE = Breakpoint/Info.plist;
				LD_RUNPATH_SEARCH_PATHS = (
					"$(inherited)",
					"@executable_path/Frameworks",
				);
				PRODUCT_BUNDLE_IDENTIFIER = com.createsapp.Breakpoint;
				PRODUCT_NAME = "$(TARGET_NAME)";
				SWIFT_VERSION = 5.0;
				TARGETED_DEVICE_FAMILY = 1;
			};
			name = Release;
		};
/* End XCBuildConfiguration section */

/* Begin XCConfigurationList section */
		B596C5EF267F23E9003EDFBC /* Build configuration list for PBXProject "Breakpoint" */ = {
			isa = XCConfigurationList;
			buildConfigurations = (
				B596C606267F23F5003EDFBC /* Debug */,
				B596C607267F23F5003EDFBC /* Release */,
			);
			defaultConfigurationIsVisible = 0;
			defaultConfigurationName = Release;
		};
		B596C608267F23F5003EDFBC /* Build configuration list for PBXNativeTarget "Breakpoint" */ = {
			isa = XCConfigurationList;
			buildConfigurations = (
				B596C609267F23F5003EDFBC /* Debug */,
				B596C60A267F23F5003EDFBC /* Release */,
			);
			defaultConfigurationIsVisible = 0;
			defaultConfigurationName = Release;
		};
/* End XCConfigurationList section */
	};
	rootObject = B596C5EC267F23E9003EDFBC /* Project object */;
}
